// !$*UTF8*$!
{
	archiveVersion = 1;
	classes = {
	};
	objectVersion = 51;
	objects = {

/* Begin PBXBuildFile section */
		403200BD238EF65900081E7F /* TransactionDay.swift in Sources */ = {isa = PBXBuildFile; fileRef = 403200BC238EF65900081E7F /* TransactionDay.swift */; };
		403200C1238EFAC300081E7F /* TransactionViewModel.swift in Sources */ = {isa = PBXBuildFile; fileRef = 403200C0238EFAC300081E7F /* TransactionViewModel.swift */; };
		403200E6238F16A200081E7F /* Transaction.graphql.swift in Sources */ = {isa = PBXBuildFile; fileRef = 403200E1238F16A200081E7F /* Transaction.graphql.swift */; };
		403200E7238F16A200081E7F /* Amount.graphql.swift in Sources */ = {isa = PBXBuildFile; fileRef = 403200E2238F16A200081E7F /* Amount.graphql.swift */; };
		403200E8238F16A200081E7F /* Types.graphql.swift in Sources */ = {isa = PBXBuildFile; fileRef = 403200E3238F16A200081E7F /* Types.graphql.swift */; };
		403200E9238F16A200081E7F /* DaySection.graphql.swift in Sources */ = {isa = PBXBuildFile; fileRef = 403200E4238F16A200081E7F /* DaySection.graphql.swift */; };
		403200EA238F16A200081E7F /* TransactionList.graphql.swift in Sources */ = {isa = PBXBuildFile; fileRef = 403200E5238F16A200081E7F /* TransactionList.graphql.swift */; };
		408CC1E1238FAE5100F2C325 /* NavBarButtonStyle.swift in Sources */ = {isa = PBXBuildFile; fileRef = 408CC1E0238FAE5100F2C325 /* NavBarButtonStyle.swift */; };
		408CC1E3238FB3A800F2C325 /* TransactionListHeader.swift in Sources */ = {isa = PBXBuildFile; fileRef = 408CC1E2238FB3A800F2C325 /* TransactionListHeader.swift */; };
		408CC1E5238FB3B800F2C325 /* TransactionListFooter.swift in Sources */ = {isa = PBXBuildFile; fileRef = 408CC1E4238FB3B800F2C325 /* TransactionListFooter.swift */; };
		408CC1E7238FB3C900F2C325 /* TransactionListRow.swift in Sources */ = {isa = PBXBuildFile; fileRef = 408CC1E6238FB3C900F2C325 /* TransactionListRow.swift */; };
		408CC1E9238FB44400F2C325 /* UIConstants.swift in Sources */ = {isa = PBXBuildFile; fileRef = 408CC1E8238FB44400F2C325 /* UIConstants.swift */; };
		409E2A68238ECA8500E92AAA /* TransactionProvider.swift in Sources */ = {isa = PBXBuildFile; fileRef = 409E2A67238ECA8500E92AAA /* TransactionProvider.swift */; };
		409E2A6B238ECB0800E92AAA /* NetworkClient.swift in Sources */ = {isa = PBXBuildFile; fileRef = 409E2A6A238ECB0800E92AAA /* NetworkClient.swift */; };
		409E2A6D238ED1C200E92AAA /* NetworkLogger.swift in Sources */ = {isa = PBXBuildFile; fileRef = 409E2A6C238ED1C200E92AAA /* NetworkLogger.swift */; };
		40CBE3A2238E96630040A05D /* AppDelegate.swift in Sources */ = {isa = PBXBuildFile; fileRef = 40CBE3A1238E96630040A05D /* AppDelegate.swift */; };
		40CBE3A4238E96630040A05D /* SceneDelegate.swift in Sources */ = {isa = PBXBuildFile; fileRef = 40CBE3A3238E96630040A05D /* SceneDelegate.swift */; };
		40CBE3A6238E96630040A05D /* ContentView.swift in Sources */ = {isa = PBXBuildFile; fileRef = 40CBE3A5238E96630040A05D /* ContentView.swift */; };
		40CBE3A8238E96660040A05D /* Assets.xcassets in Resources */ = {isa = PBXBuildFile; fileRef = 40CBE3A7238E96660040A05D /* Assets.xcassets */; };
		40CBE3AE238E96660040A05D /* LaunchScreen.storyboard in Resources */ = {isa = PBXBuildFile; fileRef = 40CBE3AC238E96660040A05D /* LaunchScreen.storyboard */; };
		40CBE3B9238E96660040A05D /* AwesomeSwiftUITests.swift in Sources */ = {isa = PBXBuildFile; fileRef = 40CBE3B8238E96660040A05D /* AwesomeSwiftUITests.swift */; };
		440BC6BDA1360C3D33D1BE09 /* Pods_AwesomeSwiftUITests.framework in Frameworks */ = {isa = PBXBuildFile; fileRef = DC9719FCE1AF30BB8966FEE0 /* Pods_AwesomeSwiftUITests.framework */; };
		D939EB2031F854339EF082D7 /* Pods_AwesomeSwiftUI.framework in Frameworks */ = {isa = PBXBuildFile; fileRef = 6C2997B8E21198DC20E3BE52 /* Pods_AwesomeSwiftUI.framework */; };
/* End PBXBuildFile section */

/* Begin PBXContainerItemProxy section */
		40CBE3B5238E96660040A05D /* PBXContainerItemProxy */ = {
			isa = PBXContainerItemProxy;
			containerPortal = 40CBE396238E96630040A05D /* Project object */;
			proxyType = 1;
			remoteGlobalIDString = 40CBE39D238E96630040A05D;
			remoteInfo = AwesomeSwiftUI;
		};
/* End PBXContainerItemProxy section */

/* Begin PBXFileReference section */
		403200B7238ED75900081E7F /* Amount.graphql */ = {isa = PBXFileReference; lastKnownFileType = text; path = Amount.graphql; sourceTree = "<group>"; };
		403200BC238EF65900081E7F /* TransactionDay.swift */ = {isa = PBXFileReference; lastKnownFileType = sourcecode.swift; path = TransactionDay.swift; sourceTree = "<group>"; };
		403200C0238EFAC300081E7F /* TransactionViewModel.swift */ = {isa = PBXFileReference; lastKnownFileType = sourcecode.swift; path = TransactionViewModel.swift; sourceTree = "<group>"; };
		403200E1238F16A200081E7F /* Transaction.graphql.swift */ = {isa = PBXFileReference; fileEncoding = 4; lastKnownFileType = sourcecode.swift; path = Transaction.graphql.swift; sourceTree = "<group>"; };
		403200E2238F16A200081E7F /* Amount.graphql.swift */ = {isa = PBXFileReference; fileEncoding = 4; lastKnownFileType = sourcecode.swift; path = Amount.graphql.swift; sourceTree = "<group>"; };
		403200E3238F16A200081E7F /* Types.graphql.swift */ = {isa = PBXFileReference; fileEncoding = 4; lastKnownFileType = sourcecode.swift; path = Types.graphql.swift; sourceTree = "<group>"; };
		403200E4238F16A200081E7F /* DaySection.graphql.swift */ = {isa = PBXFileReference; fileEncoding = 4; lastKnownFileType = sourcecode.swift; path = DaySection.graphql.swift; sourceTree = "<group>"; };
		403200E5238F16A200081E7F /* TransactionList.graphql.swift */ = {isa = PBXFileReference; fileEncoding = 4; lastKnownFileType = sourcecode.swift; path = TransactionList.graphql.swift; sourceTree = "<group>"; };
		408CC1E0238FAE5100F2C325 /* NavBarButtonStyle.swift */ = {isa = PBXFileReference; lastKnownFileType = sourcecode.swift; path = NavBarButtonStyle.swift; sourceTree = "<group>"; };
		408CC1E2238FB3A800F2C325 /* TransactionListHeader.swift */ = {isa = PBXFileReference; lastKnownFileType = sourcecode.swift; path = TransactionListHeader.swift; sourceTree = "<group>"; };
		408CC1E4238FB3B800F2C325 /* TransactionListFooter.swift */ = {isa = PBXFileReference; lastKnownFileType = sourcecode.swift; path = TransactionListFooter.swift; sourceTree = "<group>"; };
		408CC1E6238FB3C900F2C325 /* TransactionListRow.swift */ = {isa = PBXFileReference; lastKnownFileType = sourcecode.swift; path = TransactionListRow.swift; sourceTree = "<group>"; };
		408CC1E8238FB44400F2C325 /* UIConstants.swift */ = {isa = PBXFileReference; lastKnownFileType = sourcecode.swift; path = UIConstants.swift; sourceTree = "<group>"; };
		409E2A58238EABF400E92AAA /* schema.json */ = {isa = PBXFileReference; lastKnownFileType = text.json; path = schema.json; sourceTree = "<group>"; };
		409E2A5A238EBDFB00E92AAA /* Transaction.graphql */ = {isa = PBXFileReference; lastKnownFileType = text; path = Transaction.graphql; sourceTree = "<group>"; };
		409E2A5B238EBDFB00E92AAA /* DaySection.graphql */ = {isa = PBXFileReference; lastKnownFileType = text; path = DaySection.graphql; sourceTree = "<group>"; };
		409E2A5C238EBDFB00E92AAA /* TransactionList.graphql */ = {isa = PBXFileReference; lastKnownFileType = text; path = TransactionList.graphql; sourceTree = "<group>"; };
		409E2A67238ECA8500E92AAA /* TransactionProvider.swift */ = {isa = PBXFileReference; lastKnownFileType = sourcecode.swift; path = TransactionProvider.swift; sourceTree = "<group>"; };
		409E2A6A238ECB0800E92AAA /* NetworkClient.swift */ = {isa = PBXFileReference; lastKnownFileType = sourcecode.swift; path = NetworkClient.swift; sourceTree = "<group>"; };
		409E2A6C238ED1C200E92AAA /* NetworkLogger.swift */ = {isa = PBXFileReference; lastKnownFileType = sourcecode.swift; path = NetworkLogger.swift; sourceTree = "<group>"; };
		40CBE39E238E96630040A05D /* AwesomeSwiftUI.app */ = {isa = PBXFileReference; explicitFileType = wrapper.application; includeInIndex = 0; path = AwesomeSwiftUI.app; sourceTree = BUILT_PRODUCTS_DIR; };
		40CBE3A1238E96630040A05D /* AppDelegate.swift */ = {isa = PBXFileReference; lastKnownFileType = sourcecode.swift; path = AppDelegate.swift; sourceTree = "<group>"; };
		40CBE3A3238E96630040A05D /* SceneDelegate.swift */ = {isa = PBXFileReference; lastKnownFileType = sourcecode.swift; path = SceneDelegate.swift; sourceTree = "<group>"; };
		40CBE3A5238E96630040A05D /* ContentView.swift */ = {isa = PBXFileReference; lastKnownFileType = sourcecode.swift; path = ContentView.swift; sourceTree = "<group>"; };
		40CBE3A7238E96660040A05D /* Assets.xcassets */ = {isa = PBXFileReference; lastKnownFileType = folder.assetcatalog; path = Assets.xcassets; sourceTree = "<group>"; };
		40CBE3AD238E96660040A05D /* Base */ = {isa = PBXFileReference; lastKnownFileType = file.storyboard; name = Base; path = Base.lproj/LaunchScreen.storyboard; sourceTree = "<group>"; };
		40CBE3AF238E96660040A05D /* Info.plist */ = {isa = PBXFileReference; lastKnownFileType = text.plist.xml; path = Info.plist; sourceTree = "<group>"; };
		40CBE3B4238E96660040A05D /* AwesomeSwiftUITests.xctest */ = {isa = PBXFileReference; explicitFileType = wrapper.cfbundle; includeInIndex = 0; path = AwesomeSwiftUITests.xctest; sourceTree = BUILT_PRODUCTS_DIR; };
		40CBE3B8238E96660040A05D /* AwesomeSwiftUITests.swift */ = {isa = PBXFileReference; lastKnownFileType = sourcecode.swift; path = AwesomeSwiftUITests.swift; sourceTree = "<group>"; };
		40CBE3BA238E96660040A05D /* Info.plist */ = {isa = PBXFileReference; lastKnownFileType = text.plist.xml; path = Info.plist; sourceTree = "<group>"; };
		6C2997B8E21198DC20E3BE52 /* Pods_AwesomeSwiftUI.framework */ = {isa = PBXFileReference; explicitFileType = wrapper.framework; includeInIndex = 0; path = Pods_AwesomeSwiftUI.framework; sourceTree = BUILT_PRODUCTS_DIR; };
		88485917D5FAC255BBC7EFC4 /* Pods-AwesomeSwiftUI.release.xcconfig */ = {isa = PBXFileReference; includeInIndex = 1; lastKnownFileType = text.xcconfig; name = "Pods-AwesomeSwiftUI.release.xcconfig"; path = "Target Support Files/Pods-AwesomeSwiftUI/Pods-AwesomeSwiftUI.release.xcconfig"; sourceTree = "<group>"; };
		C6652E3D6F0871A57568BF3B /* Pods-AwesomeSwiftUITests.debug.xcconfig */ = {isa = PBXFileReference; includeInIndex = 1; lastKnownFileType = text.xcconfig; name = "Pods-AwesomeSwiftUITests.debug.xcconfig"; path = "Target Support Files/Pods-AwesomeSwiftUITests/Pods-AwesomeSwiftUITests.debug.xcconfig"; sourceTree = "<group>"; };
		DC9719FCE1AF30BB8966FEE0 /* Pods_AwesomeSwiftUITests.framework */ = {isa = PBXFileReference; explicitFileType = wrapper.framework; includeInIndex = 0; path = Pods_AwesomeSwiftUITests.framework; sourceTree = BUILT_PRODUCTS_DIR; };
		EBE2AC6986783E1A30FE60FF /* Pods-AwesomeSwiftUITests.release.xcconfig */ = {isa = PBXFileReference; includeInIndex = 1; lastKnownFileType = text.xcconfig; name = "Pods-AwesomeSwiftUITests.release.xcconfig"; path = "Target Support Files/Pods-AwesomeSwiftUITests/Pods-AwesomeSwiftUITests.release.xcconfig"; sourceTree = "<group>"; };
		F6C6B07379FDCE285A4FFB8B /* Pods-AwesomeSwiftUI.debug.xcconfig */ = {isa = PBXFileReference; includeInIndex = 1; lastKnownFileType = text.xcconfig; name = "Pods-AwesomeSwiftUI.debug.xcconfig"; path = "Target Support Files/Pods-AwesomeSwiftUI/Pods-AwesomeSwiftUI.debug.xcconfig"; sourceTree = "<group>"; };
/* End PBXFileReference section */

/* Begin PBXFrameworksBuildPhase section */
		40CBE39B238E96630040A05D /* Frameworks */ = {
			isa = PBXFrameworksBuildPhase;
			buildActionMask = 2147483647;
			files = (
				D939EB2031F854339EF082D7 /* Pods_AwesomeSwiftUI.framework in Frameworks */,
			);
			runOnlyForDeploymentPostprocessing = 0;
		};
		40CBE3B1238E96660040A05D /* Frameworks */ = {
			isa = PBXFrameworksBuildPhase;
			buildActionMask = 2147483647;
			files = (
				440BC6BDA1360C3D33D1BE09 /* Pods_AwesomeSwiftUITests.framework in Frameworks */,
			);
			runOnlyForDeploymentPostprocessing = 0;
		};
/* End PBXFrameworksBuildPhase section */

/* Begin PBXGroup section */
		403200BA238EDACB00081E7F /* Model */ = {
			isa = PBXGroup;
			children = (
				403200C0238EFAC300081E7F /* TransactionViewModel.swift */,
				403200BC238EF65900081E7F /* TransactionDay.swift */,
			);
			path = Model;
			sourceTree = "<group>";
		};
		403200BB238EDAD000081E7F /* View */ = {
			isa = PBXGroup;
			children = (
				408CC1E0238FAE5100F2C325 /* NavBarButtonStyle.swift */,
				408CC1E2238FB3A800F2C325 /* TransactionListHeader.swift */,
				408CC1E4238FB3B800F2C325 /* TransactionListFooter.swift */,
				408CC1E6238FB3C900F2C325 /* TransactionListRow.swift */,
				408CC1E8238FB44400F2C325 /* UIConstants.swift */,
			);
			path = View;
			sourceTree = "<group>";
		};
		403200D6238F14E300081E7F /* Network */ = {
			isa = PBXGroup;
			children = (
				409E2A6A238ECB0800E92AAA /* NetworkClient.swift */,
				409E2A6C238ED1C200E92AAA /* NetworkLogger.swift */,
			);
			path = Network;
			sourceTree = "<group>";
		};
		409E2A59238EBD7800E92AAA /* Apollo */ = {
			isa = PBXGroup;
			children = (
				409E2A5E238EC1D700E92AAA /* Sources */,
				403200E2238F16A200081E7F /* Amount.graphql.swift */,
				403200E4238F16A200081E7F /* DaySection.graphql.swift */,
				403200E1238F16A200081E7F /* Transaction.graphql.swift */,
				403200E5238F16A200081E7F /* TransactionList.graphql.swift */,
				403200E3238F16A200081E7F /* Types.graphql.swift */,
			);
			path = Apollo;
			sourceTree = "<group>";
		};
		409E2A5E238EC1D700E92AAA /* Sources */ = {
			isa = PBXGroup;
			children = (
				409E2A5B238EBDFB00E92AAA /* DaySection.graphql */,
				409E2A5A238EBDFB00E92AAA /* Transaction.graphql */,
				403200B7238ED75900081E7F /* Amount.graphql */,
				409E2A5C238EBDFB00E92AAA /* TransactionList.graphql */,
				409E2A58238EABF400E92AAA /* schema.json */,
			);
			path = Sources;
			sourceTree = "<group>";
		};
		409E2A69238ECA8A00E92AAA /* Providers */ = {
			isa = PBXGroup;
			children = (
				409E2A67238ECA8500E92AAA /* TransactionProvider.swift */,
			);
			path = Providers;
			sourceTree = "<group>";
		};
		40CBE395238E96630040A05D = {
			isa = PBXGroup;
			children = (
				40CBE3A0238E96630040A05D /* AwesomeSwiftUI */,
				40CBE3B7238E96660040A05D /* AwesomeSwiftUITests */,
				40CBE39F238E96630040A05D /* Products */,
				E1DBAE5DD948E7E73E906026 /* Pods */,
				5FAA4D167C41D8C91B87E5CF /* Frameworks */,
			);
			sourceTree = "<group>";
		};
		40CBE39F238E96630040A05D /* Products */ = {
			isa = PBXGroup;
			children = (
				40CBE39E238E96630040A05D /* AwesomeSwiftUI.app */,
				40CBE3B4238E96660040A05D /* AwesomeSwiftUITests.xctest */,
			);
			name = Products;
			sourceTree = "<group>";
		};
		40CBE3A0238E96630040A05D /* AwesomeSwiftUI */ = {
			isa = PBXGroup;
			children = (
				40CBE3A1238E96630040A05D /* AppDelegate.swift */,
				40CBE3A3238E96630040A05D /* SceneDelegate.swift */,
				40CBE3A5238E96630040A05D /* ContentView.swift */,
				403200BB238EDAD000081E7F /* View */,
				403200BA238EDACB00081E7F /* Model */,
				409E2A69238ECA8A00E92AAA /* Providers */,
				403200D6238F14E300081E7F /* Network */,
				409E2A59238EBD7800E92AAA /* Apollo */,
				40CBE3A7238E96660040A05D /* Assets.xcassets */,
				40CBE3AC238E96660040A05D /* LaunchScreen.storyboard */,
				40CBE3AF238E96660040A05D /* Info.plist */,
			);
			path = AwesomeSwiftUI;
			sourceTree = "<group>";
		};
		40CBE3B7238E96660040A05D /* AwesomeSwiftUITests */ = {
			isa = PBXGroup;
			children = (
				40CBE3B8238E96660040A05D /* AwesomeSwiftUITests.swift */,
				40CBE3BA238E96660040A05D /* Info.plist */,
			);
			path = AwesomeSwiftUITests;
			sourceTree = "<group>";
		};
		5FAA4D167C41D8C91B87E5CF /* Frameworks */ = {
			isa = PBXGroup;
			children = (
				6C2997B8E21198DC20E3BE52 /* Pods_AwesomeSwiftUI.framework */,
				DC9719FCE1AF30BB8966FEE0 /* Pods_AwesomeSwiftUITests.framework */,
			);
			name = Frameworks;
			sourceTree = "<group>";
		};
		E1DBAE5DD948E7E73E906026 /* Pods */ = {
			isa = PBXGroup;
			children = (
				F6C6B07379FDCE285A4FFB8B /* Pods-AwesomeSwiftUI.debug.xcconfig */,
				88485917D5FAC255BBC7EFC4 /* Pods-AwesomeSwiftUI.release.xcconfig */,
				C6652E3D6F0871A57568BF3B /* Pods-AwesomeSwiftUITests.debug.xcconfig */,
				EBE2AC6986783E1A30FE60FF /* Pods-AwesomeSwiftUITests.release.xcconfig */,
			);
			path = Pods;
			sourceTree = "<group>";
		};
/* End PBXGroup section */

/* Begin PBXNativeTarget section */
		40CBE39D238E96630040A05D /* AwesomeSwiftUI */ = {
			isa = PBXNativeTarget;
			buildConfigurationList = 40CBE3BD238E96660040A05D /* Build configuration list for PBXNativeTarget "AwesomeSwiftUI" */;
			buildPhases = (
				6FF08CF4A1892292AF35E24E /* [CP] Check Pods Manifest.lock */,
				40CBE39A238E96630040A05D /* Sources */,
				409E2A5D238EBE0A00E92AAA /* Apollo CodeGen */,
				40CBE39B238E96630040A05D /* Frameworks */,
				40CBE39C238E96630040A05D /* Resources */,
				2ACF2AF045744FD8571CD4B9 /* [CP] Embed Pods Frameworks */,
			);
			buildRules = (
			);
			dependencies = (
			);
			name = AwesomeSwiftUI;
			productName = AwesomeSwiftUI;
			productReference = 40CBE39E238E96630040A05D /* AwesomeSwiftUI.app */;
			productType = "com.apple.product-type.application";
		};
		40CBE3B3238E96660040A05D /* AwesomeSwiftUITests */ = {
			isa = PBXNativeTarget;
			buildConfigurationList = 40CBE3C0238E96660040A05D /* Build configuration list for PBXNativeTarget "AwesomeSwiftUITests" */;
			buildPhases = (
				3500EDC372946D79894DEDC3 /* [CP] Check Pods Manifest.lock */,
				40CBE3B0238E96660040A05D /* Sources */,
				40CBE3B1238E96660040A05D /* Frameworks */,
				40CBE3B2238E96660040A05D /* Resources */,
				B556C8756419750D617DEB8F /* [CP] Embed Pods Frameworks */,
			);
			buildRules = (
			);
			dependencies = (
				40CBE3B6238E96660040A05D /* PBXTargetDependency */,
			);
			name = AwesomeSwiftUITests;
			productName = AwesomeSwiftUITests;
			productReference = 40CBE3B4238E96660040A05D /* AwesomeSwiftUITests.xctest */;
			productType = "com.apple.product-type.bundle.unit-test";
		};
/* End PBXNativeTarget section */

/* Begin PBXProject section */
		40CBE396238E96630040A05D /* Project object */ = {
			isa = PBXProject;
			attributes = {
				LastSwiftUpdateCheck = 1120;
				LastUpgradeCheck = 1120;
				ORGANIZATIONNAME = "Sergey Grischyov";
				TargetAttributes = {
					40CBE39D238E96630040A05D = {
						CreatedOnToolsVersion = 11.2.1;
					};
					40CBE3B3238E96660040A05D = {
						CreatedOnToolsVersion = 11.2.1;
						TestTargetID = 40CBE39D238E96630040A05D;
					};
				};
			};
			buildConfigurationList = 40CBE399238E96630040A05D /* Build configuration list for PBXProject "AwesomeSwiftUI" */;
			compatibilityVersion = "Xcode 9.3";
			developmentRegion = en;
			hasScannedForEncodings = 0;
			knownRegions = (
				en,
				Base,
			);
			mainGroup = 40CBE395238E96630040A05D;
			productRefGroup = 40CBE39F238E96630040A05D /* Products */;
			projectDirPath = "";
			projectRoot = "";
			targets = (
				40CBE39D238E96630040A05D /* AwesomeSwiftUI */,
				40CBE3B3238E96660040A05D /* AwesomeSwiftUITests */,
			);
		};
/* End PBXProject section */

/* Begin PBXResourcesBuildPhase section */
		40CBE39C238E96630040A05D /* Resources */ = {
			isa = PBXResourcesBuildPhase;
			buildActionMask = 2147483647;
			files = (
				40CBE3AE238E96660040A05D /* LaunchScreen.storyboard in Resources */,
				40CBE3A8238E96660040A05D /* Assets.xcassets in Resources */,
			);
			runOnlyForDeploymentPostprocessing = 0;
		};
		40CBE3B2238E96660040A05D /* Resources */ = {
			isa = PBXResourcesBuildPhase;
			buildActionMask = 2147483647;
			files = (
			);
			runOnlyForDeploymentPostprocessing = 0;
		};
/* End PBXResourcesBuildPhase section */

/* Begin PBXShellScriptBuildPhase section */
		2ACF2AF045744FD8571CD4B9 /* [CP] Embed Pods Frameworks */ = {
			isa = PBXShellScriptBuildPhase;
			buildActionMask = 2147483647;
			files = (
			);
			inputFileListPaths = (
				"${PODS_ROOT}/Target Support Files/Pods-AwesomeSwiftUI/Pods-AwesomeSwiftUI-frameworks-${CONFIGURATION}-input-files.xcfilelist",
			);
			name = "[CP] Embed Pods Frameworks";
			outputFileListPaths = (
				"${PODS_ROOT}/Target Support Files/Pods-AwesomeSwiftUI/Pods-AwesomeSwiftUI-frameworks-${CONFIGURATION}-output-files.xcfilelist",
			);
			runOnlyForDeploymentPostprocessing = 0;
			shellPath = /bin/sh;
			shellScript = "\"${PODS_ROOT}/Target Support Files/Pods-AwesomeSwiftUI/Pods-AwesomeSwiftUI-frameworks.sh\"\n";
			showEnvVarsInLog = 0;
		};
		3500EDC372946D79894DEDC3 /* [CP] Check Pods Manifest.lock */ = {
			isa = PBXShellScriptBuildPhase;
			buildActionMask = 2147483647;
			files = (
			);
			inputFileListPaths = (
			);
			inputPaths = (
				"${PODS_PODFILE_DIR_PATH}/Podfile.lock",
				"${PODS_ROOT}/Manifest.lock",
			);
			name = "[CP] Check Pods Manifest.lock";
			outputFileListPaths = (
			);
			outputPaths = (
				"$(DERIVED_FILE_DIR)/Pods-AwesomeSwiftUITests-checkManifestLockResult.txt",
			);
			runOnlyForDeploymentPostprocessing = 0;
			shellPath = /bin/sh;
			shellScript = "diff \"${PODS_PODFILE_DIR_PATH}/Podfile.lock\" \"${PODS_ROOT}/Manifest.lock\" > /dev/null\nif [ $? != 0 ] ; then\n    # print error to STDERR\n    echo \"error: The sandbox is not in sync with the Podfile.lock. Run 'pod install' or update your CocoaPods installation.\" >&2\n    exit 1\nfi\n# This output is used by Xcode 'outputs' to avoid re-running this script phase.\necho \"SUCCESS\" > \"${SCRIPT_OUTPUT_FILE_0}\"\n";
			showEnvVarsInLog = 0;
		};
		409E2A5D238EBE0A00E92AAA /* Apollo CodeGen */ = {
			isa = PBXShellScriptBuildPhase;
			buildActionMask = 2147483647;
			files = (
			);
			inputFileListPaths = (
			);
			inputPaths = (
				"$(SRCROOT)/YourTarget/**/*.graphql",
			);
			name = "Apollo CodeGen";
			outputFileListPaths = (
			);
			outputPaths = (
			);
			runOnlyForDeploymentPostprocessing = 0;
			shellPath = /bin/sh;
			shellScript = "SCRIPT_PATH=\"${PODS_ROOT}/Apollo/scripts\"\ncd \"${SRCROOT}/${TARGET_NAME}\"\n\"${SCRIPT_PATH}\"/run-bundled-codegen.sh codegen:generate --target=swift --includes=./**/*.graphql --localSchemaFile=\"Apollo/Sources/schema.json\" Apollo\n";
		};
		6FF08CF4A1892292AF35E24E /* [CP] Check Pods Manifest.lock */ = {
			isa = PBXShellScriptBuildPhase;
			buildActionMask = 2147483647;
			files = (
			);
			inputFileListPaths = (
			);
			inputPaths = (
				"${PODS_PODFILE_DIR_PATH}/Podfile.lock",
				"${PODS_ROOT}/Manifest.lock",
			);
			name = "[CP] Check Pods Manifest.lock";
			outputFileListPaths = (
			);
			outputPaths = (
				"$(DERIVED_FILE_DIR)/Pods-AwesomeSwiftUI-checkManifestLockResult.txt",
			);
			runOnlyForDeploymentPostprocessing = 0;
			shellPath = /bin/sh;
			shellScript = "diff \"${PODS_PODFILE_DIR_PATH}/Podfile.lock\" \"${PODS_ROOT}/Manifest.lock\" > /dev/null\nif [ $? != 0 ] ; then\n    # print error to STDERR\n    echo \"error: The sandbox is not in sync with the Podfile.lock. Run 'pod install' or update your CocoaPods installation.\" >&2\n    exit 1\nfi\n# This output is used by Xcode 'outputs' to avoid re-running this script phase.\necho \"SUCCESS\" > \"${SCRIPT_OUTPUT_FILE_0}\"\n";
			showEnvVarsInLog = 0;
		};
		B556C8756419750D617DEB8F /* [CP] Embed Pods Frameworks */ = {
			isa = PBXShellScriptBuildPhase;
			buildActionMask = 2147483647;
			files = (
			);
			inputFileListPaths = (
				"${PODS_ROOT}/Target Support Files/Pods-AwesomeSwiftUITests/Pods-AwesomeSwiftUITests-frameworks-${CONFIGURATION}-input-files.xcfilelist",
			);
			name = "[CP] Embed Pods Frameworks";
			outputFileListPaths = (
				"${PODS_ROOT}/Target Support Files/Pods-AwesomeSwiftUITests/Pods-AwesomeSwiftUITests-frameworks-${CONFIGURATION}-output-files.xcfilelist",
			);
			runOnlyForDeploymentPostprocessing = 0;
			shellPath = /bin/sh;
			shellScript = "\"${PODS_ROOT}/Target Support Files/Pods-AwesomeSwiftUITests/Pods-AwesomeSwiftUITests-frameworks.sh\"\n";
			showEnvVarsInLog = 0;
		};
/* End PBXShellScriptBuildPhase section */

/* Begin PBXSourcesBuildPhase section */
		40CBE39A238E96630040A05D /* Sources */ = {
			isa = PBXSourcesBuildPhase;
			buildActionMask = 2147483647;
			files = (
				403200E7238F16A200081E7F /* Amount.graphql.swift in Sources */,
				40CBE3A2238E96630040A05D /* AppDelegate.swift in Sources */,
				403200E6238F16A200081E7F /* Transaction.graphql.swift in Sources */,
				409E2A6D238ED1C200E92AAA /* NetworkLogger.swift in Sources */,
				403200BD238EF65900081E7F /* TransactionDay.swift in Sources */,
				409E2A6B238ECB0800E92AAA /* NetworkClient.swift in Sources */,
				409E2A68238ECA8500E92AAA /* TransactionProvider.swift in Sources */,
				408CC1E5238FB3B800F2C325 /* TransactionListFooter.swift in Sources */,
				40CBE3A4238E96630040A05D /* SceneDelegate.swift in Sources */,
				408CC1E7238FB3C900F2C325 /* TransactionListRow.swift in Sources */,
				403200E8238F16A200081E7F /* Types.graphql.swift in Sources */,
				408CC1E9238FB44400F2C325 /* UIConstants.swift in Sources */,
				408CC1E1238FAE5100F2C325 /* NavBarButtonStyle.swift in Sources */,
				408CC1E3238FB3A800F2C325 /* TransactionListHeader.swift in Sources */,
				40CBE3A6238E96630040A05D /* ContentView.swift in Sources */,
				403200C1238EFAC300081E7F /* TransactionViewModel.swift in Sources */,
				403200EA238F16A200081E7F /* TransactionList.graphql.swift in Sources */,
				403200E9238F16A200081E7F /* DaySection.graphql.swift in Sources */,
			);
			runOnlyForDeploymentPostprocessing = 0;
		};
		40CBE3B0238E96660040A05D /* Sources */ = {
			isa = PBXSourcesBuildPhase;
			buildActionMask = 2147483647;
			files = (
				40CBE3B9238E96660040A05D /* AwesomeSwiftUITests.swift in Sources */,
			);
			runOnlyForDeploymentPostprocessing = 0;
		};
/* End PBXSourcesBuildPhase section */

/* Begin PBXTargetDependency section */
		40CBE3B6238E96660040A05D /* PBXTargetDependency */ = {
			isa = PBXTargetDependency;
			target = 40CBE39D238E96630040A05D /* AwesomeSwiftUI */;
			targetProxy = 40CBE3B5238E96660040A05D /* PBXContainerItemProxy */;
		};
/* End PBXTargetDependency section */

/* Begin PBXVariantGroup section */
		40CBE3AC238E96660040A05D /* LaunchScreen.storyboard */ = {
			isa = PBXVariantGroup;
			children = (
				40CBE3AD238E96660040A05D /* Base */,
			);
			name = LaunchScreen.storyboard;
			sourceTree = "<group>";
		};
/* End PBXVariantGroup section */

/* Begin XCBuildConfiguration section */
		40CBE3BB238E96660040A05D /* Debug */ = {
			isa = XCBuildConfiguration;
			buildSettings = {
				ALWAYS_SEARCH_USER_PATHS = NO;
				CLANG_ANALYZER_NONNULL = YES;
				CLANG_ANALYZER_NUMBER_OBJECT_CONVERSION = YES_AGGRESSIVE;
				CLANG_CXX_LANGUAGE_STANDARD = "gnu++14";
				CLANG_CXX_LIBRARY = "libc++";
				CLANG_ENABLE_MODULES = YES;
				CLANG_ENABLE_OBJC_ARC = YES;
				CLANG_ENABLE_OBJC_WEAK = YES;
				CLANG_WARN_BLOCK_CAPTURE_AUTORELEASING = YES;
				CLANG_WARN_BOOL_CONVERSION = YES;
				CLANG_WARN_COMMA = YES;
				CLANG_WARN_CONSTANT_CONVERSION = YES;
				CLANG_WARN_DEPRECATED_OBJC_IMPLEMENTATIONS = YES;
				CLANG_WARN_DIRECT_OBJC_ISA_USAGE = YES_ERROR;
				CLANG_WARN_DOCUMENTATION_COMMENTS = YES;
				CLANG_WARN_EMPTY_BODY = YES;
				CLANG_WARN_ENUM_CONVERSION = YES;
				CLANG_WARN_INFINITE_RECURSION = YES;
				CLANG_WARN_INT_CONVERSION = YES;
				CLANG_WARN_NON_LITERAL_NULL_CONVERSION = YES;
				CLANG_WARN_OBJC_IMPLICIT_RETAIN_SELF = YES;
				CLANG_WARN_OBJC_LITERAL_CONVERSION = YES;
				CLANG_WARN_OBJC_ROOT_CLASS = YES_ERROR;
				CLANG_WARN_RANGE_LOOP_ANALYSIS = YES;
				CLANG_WARN_STRICT_PROTOTYPES = YES;
				CLANG_WARN_SUSPICIOUS_MOVE = YES;
				CLANG_WARN_UNGUARDED_AVAILABILITY = YES_AGGRESSIVE;
				CLANG_WARN_UNREACHABLE_CODE = YES;
				CLANG_WARN__DUPLICATE_METHOD_MATCH = YES;
				COPY_PHASE_STRIP = NO;
				DEBUG_INFORMATION_FORMAT = dwarf;
				ENABLE_STRICT_OBJC_MSGSEND = YES;
				ENABLE_TESTABILITY = YES;
				GCC_C_LANGUAGE_STANDARD = gnu11;
				GCC_DYNAMIC_NO_PIC = NO;
				GCC_NO_COMMON_BLOCKS = YES;
				GCC_OPTIMIZATION_LEVEL = 0;
				GCC_PREPROCESSOR_DEFINITIONS = (
					"DEBUG=1",
					"$(inherited)",
				);
				GCC_WARN_64_TO_32_BIT_CONVERSION = YES;
				GCC_WARN_ABOUT_RETURN_TYPE = YES_ERROR;
				GCC_WARN_UNDECLARED_SELECTOR = YES;
				GCC_WARN_UNINITIALIZED_AUTOS = YES_AGGRESSIVE;
				GCC_WARN_UNUSED_FUNCTION = YES;
				GCC_WARN_UNUSED_VARIABLE = YES;
				IPHONEOS_DEPLOYMENT_TARGET = 13.2;
				MTL_ENABLE_DEBUG_INFO = INCLUDE_SOURCE;
				MTL_FAST_MATH = YES;
				ONLY_ACTIVE_ARCH = YES;
				SDKROOT = iphoneos;
				SWIFT_ACTIVE_COMPILATION_CONDITIONS = DEBUG;
				SWIFT_OPTIMIZATION_LEVEL = "-Onone";
			};
			name = Debug;
		};
		40CBE3BC238E96660040A05D /* Release */ = {
			isa = XCBuildConfiguration;
			buildSettings = {
				ALWAYS_SEARCH_USER_PATHS = NO;
				CLANG_ANALYZER_NONNULL = YES;
				CLANG_ANALYZER_NUMBER_OBJECT_CONVERSION = YES_AGGRESSIVE;
				CLANG_CXX_LANGUAGE_STANDARD = "gnu++14";
				CLANG_CXX_LIBRARY = "libc++";
				CLANG_ENABLE_MODULES = YES;
				CLANG_ENABLE_OBJC_ARC = YES;
				CLANG_ENABLE_OBJC_WEAK = YES;
				CLANG_WARN_BLOCK_CAPTURE_AUTORELEASING = YES;
				CLANG_WARN_BOOL_CONVERSION = YES;
				CLANG_WARN_COMMA = YES;
				CLANG_WARN_CONSTANT_CONVERSION = YES;
				CLANG_WARN_DEPRECATED_OBJC_IMPLEMENTATIONS = YES;
				CLANG_WARN_DIRECT_OBJC_ISA_USAGE = YES_ERROR;
				CLANG_WARN_DOCUMENTATION_COMMENTS = YES;
				CLANG_WARN_EMPTY_BODY = YES;
				CLANG_WARN_ENUM_CONVERSION = YES;
				CLANG_WARN_INFINITE_RECURSION = YES;
				CLANG_WARN_INT_CONVERSION = YES;
				CLANG_WARN_NON_LITERAL_NULL_CONVERSION = YES;
				CLANG_WARN_OBJC_IMPLICIT_RETAIN_SELF = YES;
				CLANG_WARN_OBJC_LITERAL_CONVERSION = YES;
				CLANG_WARN_OBJC_ROOT_CLASS = YES_ERROR;
				CLANG_WARN_RANGE_LOOP_ANALYSIS = YES;
				CLANG_WARN_STRICT_PROTOTYPES = YES;
				CLANG_WARN_SUSPICIOUS_MOVE = YES;
				CLANG_WARN_UNGUARDED_AVAILABILITY = YES_AGGRESSIVE;
				CLANG_WARN_UNREACHABLE_CODE = YES;
				CLANG_WARN__DUPLICATE_METHOD_MATCH = YES;
				COPY_PHASE_STRIP = NO;
				DEBUG_INFORMATION_FORMAT = "dwarf-with-dsym";
				ENABLE_NS_ASSERTIONS = NO;
				ENABLE_STRICT_OBJC_MSGSEND = YES;
				GCC_C_LANGUAGE_STANDARD = gnu11;
				GCC_NO_COMMON_BLOCKS = YES;
				GCC_WARN_64_TO_32_BIT_CONVERSION = YES;
				GCC_WARN_ABOUT_RETURN_TYPE = YES_ERROR;
				GCC_WARN_UNDECLARED_SELECTOR = YES;
				GCC_WARN_UNINITIALIZED_AUTOS = YES_AGGRESSIVE;
				GCC_WARN_UNUSED_FUNCTION = YES;
				GCC_WARN_UNUSED_VARIABLE = YES;
				IPHONEOS_DEPLOYMENT_TARGET = 13.2;
				MTL_ENABLE_DEBUG_INFO = NO;
				MTL_FAST_MATH = YES;
				SDKROOT = iphoneos;
				SWIFT_COMPILATION_MODE = wholemodule;
				SWIFT_OPTIMIZATION_LEVEL = "-O";
				VALIDATE_PRODUCT = YES;
			};
			name = Release;
		};
		40CBE3BE238E96660040A05D /* Debug */ = {
			isa = XCBuildConfiguration;
			baseConfigurationReference = F6C6B07379FDCE285A4FFB8B /* Pods-AwesomeSwiftUI.debug.xcconfig */;
			buildSettings = {
				ASSETCATALOG_COMPILER_APPICON_NAME = AppIcon;
				CODE_SIGN_STYLE = Automatic;
				ENABLE_PREVIEWS = YES;
				INFOPLIST_FILE = AwesomeSwiftUI/Info.plist;
				IPHONEOS_DEPLOYMENT_TARGET = 13.0;
				LD_RUNPATH_SEARCH_PATHS = (
					"$(inherited)",
					"@executable_path/Frameworks",
				);
				PRODUCT_BUNDLE_IDENTIFIER = com.shadeapps.AwesomeSwiftUI;
				PRODUCT_NAME = "$(TARGET_NAME)";
				SWIFT_VERSION = 5.0;
				TARGETED_DEVICE_FAMILY = 1;
			};
			name = Debug;
		};
		40CBE3BF238E96660040A05D /* Release */ = {
			isa = XCBuildConfiguration;
			baseConfigurationReference = 88485917D5FAC255BBC7EFC4 /* Pods-AwesomeSwiftUI.release.xcconfig */;
			buildSettings = {
				ASSETCATALOG_COMPILER_APPICON_NAME = AppIcon;
				CODE_SIGN_STYLE = Automatic;
				ENABLE_PREVIEWS = YES;
				INFOPLIST_FILE = AwesomeSwiftUI/Info.plist;
				IPHONEOS_DEPLOYMENT_TARGET = 13.0;
				LD_RUNPATH_SEARCH_PATHS = (
					"$(inherited)",
					"@executable_path/Frameworks",
				);
				PRODUCT_BUNDLE_IDENTIFIER = com.shadeapps.AwesomeSwiftUI;
				PRODUCT_NAME = "$(TARGET_NAME)";
				SWIFT_VERSION = 5.0;
				TARGETED_DEVICE_FAMILY = 1;
			};
			name = Release;
		};
		40CBE3C1238E96660040A05D /* Debug */ = {
			isa = XCBuildConfiguration;
			baseConfigurationReference = C6652E3D6F0871A57568BF3B /* Pods-AwesomeSwiftUITests.debug.xcconfig */;
			buildSettings = {
				BUNDLE_LOADER = "$(TEST_HOST)";
				CODE_SIGN_STYLE = Automatic;
				INFOPLIST_FILE = AwesomeSwiftUITests/Info.plist;
				IPHONEOS_DEPLOYMENT_TARGET = 13.2;
				LD_RUNPATH_SEARCH_PATHS = (
					"$(inherited)",
					"@executable_path/Frameworks",
					"@loader_path/Frameworks",
				);
				PRODUCT_BUNDLE_IDENTIFIER = com.shadeapps.AwesomeSwiftUITests;
				PRODUCT_NAME = "$(TARGET_NAME)";
				SWIFT_VERSION = 5.0;
				TARGETED_DEVICE_FAMILY = "1,2";
				TEST_HOST = "$(BUILT_PRODUCTS_DIR)/AwesomeSwiftUI.app/AwesomeSwiftUI";
			};
			name = Debug;
		};
		40CBE3C2238E96660040A05D /* Release */ = {
			isa = XCBuildConfiguration;
			baseConfigurationReference = EBE2AC6986783E1A30FE60FF /* Pods-AwesomeSwiftUITests.release.xcconfig */;
			buildSettings = {
				BUNDLE_LOADER = "$(TEST_HOST)";
				CODE_SIGN_STYLE = Automatic;
				INFOPLIST_FILE = AwesomeSwiftUITests/Info.plist;
				IPHONEOS_DEPLOYMENT_TARGET = 13.2;
				LD_RUNPATH_SEARCH_PATHS = (
					"$(inherited)",
					"@executable_path/Frameworks",
					"@loader_path/Frameworks",
				);
				PRODUCT_BUNDLE_IDENTIFIER = com.shadeapps.AwesomeSwiftUITests;
				PRODUCT_NAME = "$(TARGET_NAME)";
				SWIFT_VERSION = 5.0;
				TARGETED_DEVICE_FAMILY = "1,2";
				TEST_HOST = "$(BUILT_PRODUCTS_DIR)/AwesomeSwiftUI.app/AwesomeSwiftUI";
			};
			name = Release;
		};
/* End XCBuildConfiguration section */

/* Begin XCConfigurationList section */
		40CBE399238E96630040A05D /* Build configuration list for PBXProject "AwesomeSwiftUI" */ = {
			isa = XCConfigurationList;
			buildConfigurations = (
				40CBE3BB238E96660040A05D /* Debug */,
				40CBE3BC238E96660040A05D /* Release */,
			);
			defaultConfigurationIsVisible = 0;
			defaultConfigurationName = Release;
		};
		40CBE3BD238E96660040A05D /* Build configuration list for PBXNativeTarget "AwesomeSwiftUI" */ = {
			isa = XCConfigurationList;
			buildConfigurations = (
				40CBE3BE238E96660040A05D /* Debug */,
				40CBE3BF238E96660040A05D /* Release */,
			);
			defaultConfigurationIsVisible = 0;
			defaultConfigurationName = Release;
		};
		40CBE3C0238E96660040A05D /* Build configuration list for PBXNativeTarget "AwesomeSwiftUITests" */ = {
			isa = XCConfigurationList;
			buildConfigurations = (
				40CBE3C1238E96660040A05D /* Debug */,
				40CBE3C2238E96660040A05D /* Release */,
			);
			defaultConfigurationIsVisible = 0;
			defaultConfigurationName = Release;
		};
/* End XCConfigurationList section */
	};
	rootObject = 40CBE396238E96630040A05D /* Project object */;
}
